
Microsoft Visual Studio Solution File, Format Version 12.00
# Visual Studio Version 16
VisualStudioVersion = 16.0.31410.357
MinimumVisualStudioVersion = 10.0.40219.1
Project("{FAE04EC0-301F-11D3-BF4B-00C04F79EFBC}") = "08_ExercicioAlunoCalculaMedia", "08_ExercicioAlunoCalculaMedia\08_ExercicioAlunoCalculaMedia.csproj", "{A465009A-6071-4859-8A59-BC2480D8CCDD}"
EndProject
Global
	GlobalSection(SolutionConfigurationPlatforms) = preSolution
		Debug|Any CPU = Debug|Any CPU
		Release|Any CPU = Release|Any CPU
	EndGlobalSection
	GlobalSection(ProjectConfigurationPlatforms) = postSolution
		{A465009A-6071-4859-8A59-BC2480D8CCDD}.Debug|Any CPU.ActiveCfg = Debug|Any CPU
		{A465009A-6071-4859-8A59-BC2480D8CCDD}.Debug|Any CPU.Build.0 = Debug|Any CPU
		{A465009A-6071-4859-8A59-BC2480D8CCDD}.Release|Any CPU.ActiveCfg = Release|Any CPU
		{A465009A-6071-4859-8A59-BC2480D8CCDD}.Release|Any CPU.Build.0 = Release|Any CPU
	EndGlobalSection
	GlobalSection(SolutionProperties) = preSolution
		HideSolutionNode = FALSE
	EndGlobalSection
	GlobalSection(ExtensibilityGlobals) = postSolution
		SolutionGuid = {57E8CF33-B635-4797-A6CB-C909A11CA809}
	EndGlobalSection
EndGlobal
