
Microsoft Visual Studio Solution File, Format Version 12.00
# Visual Studio Version 16
VisualStudioVersion = 16.0.31410.357
MinimumVisualStudioVersion = 10.0.40219.1
Project("{FAE04EC0-301F-11D3-BF4B-00C04F79EFBC}") = "CourseSectionThree_Lesson17", "CourseSectionThree\CourseSectionThree_Lesson17.csproj", "{D53B26AA-020B-4877-8C50-5B4BC9C6B9D5}"
EndProject
Project("{FAE04EC0-301F-11D3-BF4B-00C04F79EFBC}") = "ExerciseLesson17", "ExercicioAula17\ExerciseLesson17.csproj", "{7E75516C-FEF9-4693-9C0A-A3DDA852899C}"
EndProject
Global
	GlobalSection(SolutionConfigurationPlatforms) = preSolution
		Debug|Any CPU = Debug|Any CPU
		Release|Any CPU = Release|Any CPU
	EndGlobalSection
	GlobalSection(ProjectConfigurationPlatforms) = postSolution
		{D53B26AA-020B-4877-8C50-5B4BC9C6B9D5}.Debug|Any CPU.ActiveCfg = Debug|Any CPU
		{D53B26AA-020B-4877-8C50-5B4BC9C6B9D5}.Debug|Any CPU.Build.0 = Debug|Any CPU
		{D53B26AA-020B-4877-8C50-5B4BC9C6B9D5}.Release|Any CPU.ActiveCfg = Release|Any CPU
		{D53B26AA-020B-4877-8C50-5B4BC9C6B9D5}.Release|Any CPU.Build.0 = Release|Any CPU
		{7E75516C-FEF9-4693-9C0A-A3DDA852899C}.Debug|Any CPU.ActiveCfg = Debug|Any CPU
		{7E75516C-FEF9-4693-9C0A-A3DDA852899C}.Debug|Any CPU.Build.0 = Debug|Any CPU
		{7E75516C-FEF9-4693-9C0A-A3DDA852899C}.Release|Any CPU.ActiveCfg = Release|Any CPU
		{7E75516C-FEF9-4693-9C0A-A3DDA852899C}.Release|Any CPU.Build.0 = Release|Any CPU
	EndGlobalSection
	GlobalSection(SolutionProperties) = preSolution
		HideSolutionNode = FALSE
	EndGlobalSection
	GlobalSection(ExtensibilityGlobals) = postSolution
		SolutionGuid = {13840598-38A0-4F03-8A5F-43747245FD32}
	EndGlobalSection
EndGlobal
