
Microsoft Visual Studio Solution File, Format Version 12.00
# Visual Studio Version 16
VisualStudioVersion = 16.0.31410.357
MinimumVisualStudioVersion = 10.0.40219.1
Project("{FAE04EC0-301F-11D3-BF4B-00C04F79EFBC}") = "10_ExercicioCotacaoDolar", "10_ExercicioCotacaoDolar\10_ExercicioCotacaoDolar.csproj", "{2DB83BBC-CF00-4D39-8A45-3279C2D672EE}"
EndProject
Global
	GlobalSection(SolutionConfigurationPlatforms) = preSolution
		Debug|Any CPU = Debug|Any CPU
		Release|Any CPU = Release|Any CPU
	EndGlobalSection
	GlobalSection(ProjectConfigurationPlatforms) = postSolution
		{2DB83BBC-CF00-4D39-8A45-3279C2D672EE}.Debug|Any CPU.ActiveCfg = Debug|Any CPU
		{2DB83BBC-CF00-4D39-8A45-3279C2D672EE}.Debug|Any CPU.Build.0 = Debug|Any CPU
		{2DB83BBC-CF00-4D39-8A45-3279C2D672EE}.Release|Any CPU.ActiveCfg = Release|Any CPU
		{2DB83BBC-CF00-4D39-8A45-3279C2D672EE}.Release|Any CPU.Build.0 = Release|Any CPU
	EndGlobalSection
	GlobalSection(SolutionProperties) = preSolution
		HideSolutionNode = FALSE
	EndGlobalSection
	GlobalSection(ExtensibilityGlobals) = postSolution
		SolutionGuid = {88E9341C-4DFF-4295-A980-B17590A102A9}
	EndGlobalSection
EndGlobal
