
Microsoft Visual Studio Solution File, Format Version 12.00
# Visual Studio Version 16
VisualStudioVersion = 16.0.31410.357
MinimumVisualStudioVersion = 10.0.40219.1
Project("{FAE04EC0-301F-11D3-BF4B-00C04F79EFBC}") = "01_Lesson17", "01_Lesson17\01_Lesson17.csproj", "{91B5706D-8BA3-4C6C-971A-6D324F6ECF4E}"
EndProject
Global
	GlobalSection(SolutionConfigurationPlatforms) = preSolution
		Debug|Any CPU = Debug|Any CPU
		Release|Any CPU = Release|Any CPU
	EndGlobalSection
	GlobalSection(ProjectConfigurationPlatforms) = postSolution
		{91B5706D-8BA3-4C6C-971A-6D324F6ECF4E}.Debug|Any CPU.ActiveCfg = Debug|Any CPU
		{91B5706D-8BA3-4C6C-971A-6D324F6ECF4E}.Debug|Any CPU.Build.0 = Debug|Any CPU
		{91B5706D-8BA3-4C6C-971A-6D324F6ECF4E}.Release|Any CPU.ActiveCfg = Release|Any CPU
		{91B5706D-8BA3-4C6C-971A-6D324F6ECF4E}.Release|Any CPU.Build.0 = Release|Any CPU
	EndGlobalSection
	GlobalSection(SolutionProperties) = preSolution
		HideSolutionNode = FALSE
	EndGlobalSection
	GlobalSection(ExtensibilityGlobals) = postSolution
		SolutionGuid = {E8DCA44A-2838-42DD-A28A-5E4F6E6E7737}
	EndGlobalSection
EndGlobal
