
Microsoft Visual Studio Solution File, Format Version 12.00
# Visual Studio Version 16
VisualStudioVersion = 16.0.31410.357
MinimumVisualStudioVersion = 10.0.40219.1
Project("{FAE04EC0-301F-11D3-BF4B-00C04F79EFBC}") = "06_Estrutura condicional", "06_Estrutura condicional\06_Estrutura condicional.csproj", "{B21FB1B4-A4A2-4A46-8388-C3AE544044A9}"
EndProject
Global
	GlobalSection(SolutionConfigurationPlatforms) = preSolution
		Debug|Any CPU = Debug|Any CPU
		Release|Any CPU = Release|Any CPU
	EndGlobalSection
	GlobalSection(ProjectConfigurationPlatforms) = postSolution
		{B21FB1B4-A4A2-4A46-8388-C3AE544044A9}.Debug|Any CPU.ActiveCfg = Debug|Any CPU
		{B21FB1B4-A4A2-4A46-8388-C3AE544044A9}.Debug|Any CPU.Build.0 = Debug|Any CPU
		{B21FB1B4-A4A2-4A46-8388-C3AE544044A9}.Release|Any CPU.ActiveCfg = Release|Any CPU
		{B21FB1B4-A4A2-4A46-8388-C3AE544044A9}.Release|Any CPU.Build.0 = Release|Any CPU
	EndGlobalSection
	GlobalSection(SolutionProperties) = preSolution
		HideSolutionNode = FALSE
	EndGlobalSection
	GlobalSection(ExtensibilityGlobals) = postSolution
		SolutionGuid = {911F4116-C55C-4648-B90A-1927F6DDD940}
	EndGlobalSection
EndGlobal
