
Microsoft Visual Studio Solution File, Format Version 12.00
# Visual Studio Version 16
VisualStudioVersion = 16.0.31410.357
MinimumVisualStudioVersion = 10.0.40219.1
Project("{FAE04EC0-301F-11D3-BF4B-00C04F79EFBC}") = "01_EstoqueProduto_Constructor", "01_EstoqueProduto_Constructor\01_EstoqueProduto_Constructor.csproj", "{2E78ABF3-64C2-44F1-BEC0-0B830D0AE228}"
EndProject
Global
	GlobalSection(SolutionConfigurationPlatforms) = preSolution
		Debug|Any CPU = Debug|Any CPU
		Release|Any CPU = Release|Any CPU
	EndGlobalSection
	GlobalSection(ProjectConfigurationPlatforms) = postSolution
		{2E78ABF3-64C2-44F1-BEC0-0B830D0AE228}.Debug|Any CPU.ActiveCfg = Debug|Any CPU
		{2E78ABF3-64C2-44F1-BEC0-0B830D0AE228}.Debug|Any CPU.Build.0 = Debug|Any CPU
		{2E78ABF3-64C2-44F1-BEC0-0B830D0AE228}.Release|Any CPU.ActiveCfg = Release|Any CPU
		{2E78ABF3-64C2-44F1-BEC0-0B830D0AE228}.Release|Any CPU.Build.0 = Release|Any CPU
	EndGlobalSection
	GlobalSection(SolutionProperties) = preSolution
		HideSolutionNode = FALSE
	EndGlobalSection
	GlobalSection(ExtensibilityGlobals) = postSolution
		SolutionGuid = {3589BB4B-D58D-42E2-9B6C-26C98FFA4C13}
	EndGlobalSection
EndGlobal
