
Microsoft Visual Studio Solution File, Format Version 12.00
# Visual Studio Version 16
VisualStudioVersion = 16.0.31410.357
MinimumVisualStudioVersion = 10.0.40219.1
Project("{FAE04EC0-301F-11D3-BF4B-00C04F79EFBC}") = "05_ProdutosEstoque", "05_ProdutosEstoque\05_ProdutosEstoque.csproj", "{FF31C6AD-C820-484B-91E4-979DB216A3D9}"
EndProject
Global
	GlobalSection(SolutionConfigurationPlatforms) = preSolution
		Debug|Any CPU = Debug|Any CPU
		Release|Any CPU = Release|Any CPU
	EndGlobalSection
	GlobalSection(ProjectConfigurationPlatforms) = postSolution
		{FF31C6AD-C820-484B-91E4-979DB216A3D9}.Debug|Any CPU.ActiveCfg = Debug|Any CPU
		{FF31C6AD-C820-484B-91E4-979DB216A3D9}.Debug|Any CPU.Build.0 = Debug|Any CPU
		{FF31C6AD-C820-484B-91E4-979DB216A3D9}.Release|Any CPU.ActiveCfg = Release|Any CPU
		{FF31C6AD-C820-484B-91E4-979DB216A3D9}.Release|Any CPU.Build.0 = Release|Any CPU
	EndGlobalSection
	GlobalSection(SolutionProperties) = preSolution
		HideSolutionNode = FALSE
	EndGlobalSection
	GlobalSection(ExtensibilityGlobals) = postSolution
		SolutionGuid = {7D8F0F1D-1D8C-4C71-80DE-4168AF6CA3FC}
	EndGlobalSection
EndGlobal
