
Microsoft Visual Studio Solution File, Format Version 12.00
# Visual Studio Version 16
VisualStudioVersion = 16.0.31410.357
MinimumVisualStudioVersion = 10.0.40219.1
Project("{FAE04EC0-301F-11D3-BF4B-00C04F79EFBC}") = "05_ExercicioVetoresRoomsForRent", "05_ExercicioVetoresRoomsForRent\05_ExercicioVetoresRoomsForRent.csproj", "{01F90B79-EEE6-40D6-B9B6-40EF910BCC05}"
EndProject
Global
	GlobalSection(SolutionConfigurationPlatforms) = preSolution
		Debug|Any CPU = Debug|Any CPU
		Release|Any CPU = Release|Any CPU
	EndGlobalSection
	GlobalSection(ProjectConfigurationPlatforms) = postSolution
		{01F90B79-EEE6-40D6-B9B6-40EF910BCC05}.Debug|Any CPU.ActiveCfg = Debug|Any CPU
		{01F90B79-EEE6-40D6-B9B6-40EF910BCC05}.Debug|Any CPU.Build.0 = Debug|Any CPU
		{01F90B79-EEE6-40D6-B9B6-40EF910BCC05}.Release|Any CPU.ActiveCfg = Release|Any CPU
		{01F90B79-EEE6-40D6-B9B6-40EF910BCC05}.Release|Any CPU.Build.0 = Release|Any CPU
	EndGlobalSection
	GlobalSection(SolutionProperties) = preSolution
		HideSolutionNode = FALSE
	EndGlobalSection
	GlobalSection(ExtensibilityGlobals) = postSolution
		SolutionGuid = {0D20AF5A-311E-4324-B0FD-2CADA42840CE}
	EndGlobalSection
EndGlobal
