
Microsoft Visual Studio Solution File, Format Version 12.00
# Visual Studio Version 16
VisualStudioVersion = 16.0.31410.357
MinimumVisualStudioVersion = 10.0.40219.1
Project("{FAE04EC0-301F-11D3-BF4B-00C04F79EFBC}") = "02_This", "02_This\02_This.csproj", "{57E73AC7-7F8F-4162-ADA0-0E52358D5F48}"
EndProject
Global
	GlobalSection(SolutionConfigurationPlatforms) = preSolution
		Debug|Any CPU = Debug|Any CPU
		Release|Any CPU = Release|Any CPU
	EndGlobalSection
	GlobalSection(ProjectConfigurationPlatforms) = postSolution
		{57E73AC7-7F8F-4162-ADA0-0E52358D5F48}.Debug|Any CPU.ActiveCfg = Debug|Any CPU
		{57E73AC7-7F8F-4162-ADA0-0E52358D5F48}.Debug|Any CPU.Build.0 = Debug|Any CPU
		{57E73AC7-7F8F-4162-ADA0-0E52358D5F48}.Release|Any CPU.ActiveCfg = Release|Any CPU
		{57E73AC7-7F8F-4162-ADA0-0E52358D5F48}.Release|Any CPU.Build.0 = Release|Any CPU
	EndGlobalSection
	GlobalSection(SolutionProperties) = preSolution
		HideSolutionNode = FALSE
	EndGlobalSection
	GlobalSection(ExtensibilityGlobals) = postSolution
		SolutionGuid = {69EFB511-F4E7-4AFB-ADC1-EC6E22DA81FA}
	EndGlobalSection
EndGlobal
